<?xml version="1.0" encoding="UTF-8" standalone="yes" ?>
<CodeBlocks_project_file>
	<FileVersion major="1" minor="6" />
	<Project>
		<Option title="Drawminal" />
		<Option pch_mode="2" />
		<Option compiler="gcc" />
		<Build>
			<Target title="Debug">
				<Option output="bin/Debug/Drawminal" prefix_auto="1" extension_auto="1" />
				<Option object_output="obj/Debug/" />
				<Option type="1" />
				<Option compiler="gcc" />
				<Compiler>
					<Add option="-g" />
				</Compiler>
			</Target>
			<Target title="Release">
				<Option output="bin/Release/Drawminal" prefix_auto="1" extension_auto="1" />
				<Option object_output="obj/Release/" />
				<Option type="1" />
				<Option compiler="gcc" />
				<Compiler>
					<Add option="-O2" />
				</Compiler>
				<Linker>
					<Add option="-s" />
				</Linker>
			</Target>
		</Build>
		<Compiler>
			<Add option="-Wall" />
			<Add option="-fexceptions" />
		</Compiler>
		<Unit filename="drawer/buffer_strategy.h" />
		<Unit filename="drawer/charmap.h" />
		<Unit filename="drawer/draw_strategy.h" />
		<Unit filename="drawer/drawer.cpp" />
		<Unit filename="drawer/drawer.h" />
		<Unit filename="drawer/terminal_coloured_strategy.h" />
		<Unit filename="drawer/terminal_strategy.h" />
		<Unit filename="drawminal.h" />
		<Unit filename="main.cpp" />
		<Unit filename="shapes/2d/circle.h" />
		<Unit filename="shapes/2d/ellipse.h" />
		<Unit filename="shapes/2d/line.h" />
		<Unit filename="shapes/2d/parable.h" />
		<Unit filename="shapes/2d/rect.h" />
		<Unit filename="shapes/2d/square.h" />
		<Unit filename="shapes/base/shape.h" />
		<Unit filename="shapes/base/shape2d.h" />
		<Unit filename="shapes/base/shape3d.h" />
		<Unit filename="shapes/color/color.cpp" />
		<Unit filename="shapes/color/color.h" />
		<Unit filename="shapes/color/rgb.h" />
		<Unit filename="shapes/coords/point2d.h" />
		<Unit filename="shapes/coords/point3d.h" />
		<Unit filename="shapes/shapes.h" />
		<Unit filename="vterm/core/vterm.cpp" />
		<Unit filename="vterm/core/vterm.h" />
		<Unit filename="vterm/internal/colors.h" />
		<Unit filename="vterm/internal/command.h" />
		<Unit filename="vterm/internal/sequences.h" />
		<Unit filename="vterm/internal/vtopts.h" />
		<Unit filename="vterm/os/base/platform.h" />
		<Unit filename="vterm/os/base/types.h" />
		<Unit filename="vterm/os/linux/linux.cpp" />
		<Unit filename="vterm/os/linux/linux.h" />
		<Unit filename="vterm/os/linux/x11.c">
			<Option compilerVar="CC" />
		</Unit>
		<Unit filename="vterm/os/linux/x11.cpp" />
		<Unit filename="vterm/os/linux/x11.h" />
		<Unit filename="vterm/os/os.h" />
		<Unit filename="vterm/os/win32/win32.cpp" />
		<Unit filename="vterm/os/win32/win32.h" />
		<Unit filename="vterm/vterm.h" />
		<Extensions>
			<lib_finder disable_auto="1" />
		</Extensions>
	</Project>
</CodeBlocks_project_file>
